
Microsoft Visual Studio Solution File, Format Version 12.00
# Visual Studio Version 16
VisualStudioVersion = 16.0.30711.63
MinimumVisualStudioVersion = 10.0.40219.1
Project("{9A19103F-16F7-4668-BE54-9A1E7A4F7556}") = "testing", "testing.csproj", "{1C686EF3-AC7F-439A-9840-A695C0EDEAF9}"
EndProject
Project("{9A19103F-16F7-4668-BE54-9A1E7A4F7556}") = "FoundryCore", "..\FoundryCore\FoundryCore.csproj", "{13750F09-5D63-4C5C-BE21-D64BF8A34651}"
EndProject
Global
	GlobalSection(SolutionConfigurationPlatforms) = preSolution
		Debug|Any CPU = Debug|Any CPU
		Release|Any CPU = Release|Any CPU
	EndGlobalSection
	GlobalSection(ProjectConfigurationPlatforms) = postSolution
		{1C686EF3-AC7F-439A-9840-A695C0EDEAF9}.Debug|Any CPU.ActiveCfg = Debug|Any CPU
		{1C686EF3-AC7F-439A-9840-A695C0EDEAF9}.Debug|Any CPU.Build.0 = Debug|Any CPU
		{1C686EF3-AC7F-439A-9840-A695C0EDEAF9}.Release|Any CPU.ActiveCfg = Release|Any CPU
		{1C686EF3-AC7F-439A-9840-A695C0EDEAF9}.Release|Any CPU.Build.0 = Release|Any CPU
		{13750F09-5D63-4C5C-BE21-D64BF8A34651}.Debug|Any CPU.ActiveCfg = Debug|Any CPU
		{13750F09-5D63-4C5C-BE21-D64BF8A34651}.Debug|Any CPU.Build.0 = Debug|Any CPU
		{13750F09-5D63-4C5C-BE21-D64BF8A34651}.Release|Any CPU.ActiveCfg = Release|Any CPU
		{13750F09-5D63-4C5C-BE21-D64BF8A34651}.Release|Any CPU.Build.0 = Release|Any CPU
	EndGlobalSection
	GlobalSection(SolutionProperties) = preSolution
		HideSolutionNode = FALSE
	EndGlobalSection
	GlobalSection(ExtensibilityGlobals) = postSolution
		SolutionGuid = {D487FB4F-82DF-46B4-9303-E7663161878A}
	EndGlobalSection
EndGlobal
